
Microsoft Visual Studio Solution File, Format Version 12.00
# Visual Studio Version 16
VisualStudioVersion = 16.0.31729.503
MinimumVisualStudioVersion = 10.0.40219.1
Project("{FAE04EC0-301F-11D3-BF4B-00C04F79EFBC}") = "OrderProgram", "Order\OrderProgram.csproj", "{09F70FC5-C197-4B19-B16D-D66243DABE5C}"
EndProject
Global
	GlobalSection(SolutionConfigurationPlatforms) = preSolution
		Debug|Any CPU = Debug|Any CPU
		Release|Any CPU = Release|Any CPU
	EndGlobalSection
	GlobalSection(ProjectConfigurationPlatforms) = postSolution
		{09F70FC5-C197-4B19-B16D-D66243DABE5C}.Debug|Any CPU.ActiveCfg = Debug|Any CPU
		{09F70FC5-C197-4B19-B16D-D66243DABE5C}.Debug|Any CPU.Build.0 = Debug|Any CPU
		{09F70FC5-C197-4B19-B16D-D66243DABE5C}.Release|Any CPU.ActiveCfg = Release|Any CPU
		{09F70FC5-C197-4B19-B16D-D66243DABE5C}.Release|Any CPU.Build.0 = Release|Any CPU
	EndGlobalSection
	GlobalSection(SolutionProperties) = preSolution
		HideSolutionNode = FALSE
	EndGlobalSection
	GlobalSection(ExtensibilityGlobals) = postSolution
		SolutionGuid = {8510E8A6-6516-44A1-9869-1BF3DBA18DF5}
	EndGlobalSection
EndGlobal
